
Microsoft Visual Studio Solution File, Format Version 12.00
# Visual Studio Version 16
VisualStudioVersion = 16.0.30320.27
MinimumVisualStudioVersion = 10.0.40219.1
Project("{FAE04EC0-301F-11D3-BF4B-00C04F79EFBC}") = "KK3market", "KK3market\KK3market.csproj", "{10FC44C8-3CE9-4D18-A31F-75593F45BD38}"
EndProject
Global
	GlobalSection(SolutionConfigurationPlatforms) = preSolution
		Debug|Any CPU = Debug|Any CPU
		Release|Any CPU = Release|Any CPU
	EndGlobalSection
	GlobalSection(ProjectConfigurationPlatforms) = postSolution
		{10FC44C8-3CE9-4D18-A31F-75593F45BD38}.Debug|Any CPU.ActiveCfg = Debug|Any CPU
		{10FC44C8-3CE9-4D18-A31F-75593F45BD38}.Debug|Any CPU.Build.0 = Debug|Any CPU
		{10FC44C8-3CE9-4D18-A31F-75593F45BD38}.Release|Any CPU.ActiveCfg = Release|Any CPU
		{10FC44C8-3CE9-4D18-A31F-75593F45BD38}.Release|Any CPU.Build.0 = Release|Any CPU
	EndGlobalSection
	GlobalSection(SolutionProperties) = preSolution
		HideSolutionNode = FALSE
	EndGlobalSection
	GlobalSection(ExtensibilityGlobals) = postSolution
		SolutionGuid = {76EE602C-EBF1-4ADC-BF6B-C4C9A5F882CE}
	EndGlobalSection
EndGlobal
